// !$*UTF8*$!
{
	archiveVersion = 1;
	classes = {
	};
	objectVersion = 48;
	objects = {

/* Begin PBXBuildFile section */
		8F7E1C79C3749DCB22A3B9F3 /* Pods_Nike_Retail.framework in Frameworks */ = {isa = PBXBuildFile; fileRef = E240CFDFAE8850C147BC3838 /* Pods_Nike_Retail.framework */; };
		951BFBEC20085FB100719372 /* Product.swift in Sources */ = {isa = PBXBuildFile; fileRef = 951BFBEB20085FB100719372 /* Product.swift */; };
		9562355020102AEA00D54B7F /* ShoeImageViewController.swift in Sources */ = {isa = PBXBuildFile; fileRef = 9562354F20102AEA00D54B7F /* ShoeImageViewController.swift */; };
		9562355420102CEE00D54B7F /* ShoeImagesPageViewController.swift in Sources */ = {isa = PBXBuildFile; fileRef = 9562355320102CEE00D54B7F /* ShoeImagesPageViewController.swift */; };
		9562EFA9201D20BA0030BDE8 /* SuggestionCollectionViewCell.swift in Sources */ = {isa = PBXBuildFile; fileRef = 9562EFA8201D20BA0030BDE8 /* SuggestionCollectionViewCell.swift */; };
		9562EFAB201D21A10030BDE8 /* SuggestionTableViewCell.swift in Sources */ = {isa = PBXBuildFile; fileRef = 9562EFAA201D21A10030BDE8 /* SuggestionTableViewCell.swift */; };
		9562EFAD202017CB0030BDE8 /* ShoppingBagTableViewController.swift in Sources */ = {isa = PBXBuildFile; fileRef = 9562EFAC202017CB0030BDE8 /* ShoppingBagTableViewController.swift */; };
		9562EFB0202018D60030BDE8 /* NumberOfItemsTableViewCell.swift in Sources */ = {isa = PBXBuildFile; fileRef = 9562EFAF202018D60030BDE8 /* NumberOfItemsTableViewCell.swift */; };
		9562EFB32020196A0030BDE8 /* ShoppingCartItemTableViewCell.swift in Sources */ = {isa = PBXBuildFile; fileRef = 9562EFB22020196A0030BDE8 /* ShoppingCartItemTableViewCell.swift */; };
		9562EFB5202036B20030BDE8 /* CheckoutTableViewController.swift in Sources */ = {isa = PBXBuildFile; fileRef = 9562EFB4202036B20030BDE8 /* CheckoutTableViewController.swift */; };
		9567ABF32013BBD100038C31 /* ShoeImagesHeaderView.swift in Sources */ = {isa = PBXBuildFile; fileRef = 9567ABF22013BBD100038C31 /* ShoeImagesHeaderView.swift */; };
		958BC01E2002E66D00CB26F6 /* AppDelegate.swift in Sources */ = {isa = PBXBuildFile; fileRef = 958BC01D2002E66D00CB26F6 /* AppDelegate.swift */; };
		958BC0232002E66D00CB26F6 /* Main.storyboard in Resources */ = {isa = PBXBuildFile; fileRef = 958BC0212002E66D00CB26F6 /* Main.storyboard */; };
		958BC0252002E66D00CB26F6 /* Assets.xcassets in Resources */ = {isa = PBXBuildFile; fileRef = 958BC0242002E66D00CB26F6 /* Assets.xcassets */; };
		958BC0282002E66D00CB26F6 /* LaunchScreen.storyboard in Resources */ = {isa = PBXBuildFile; fileRef = 958BC0262002E66D00CB26F6 /* LaunchScreen.storyboard */; };
		95A67C24200A8FA1008AF32A /* FeedTableViewController.swift in Sources */ = {isa = PBXBuildFile; fileRef = 95A67C23200A8FA1008AF32A /* FeedTableViewController.swift */; };
		95A67C28200A9183008AF32A /* FeedProductTableViewCell.swift in Sources */ = {isa = PBXBuildFile; fileRef = 95A67C27200A9183008AF32A /* FeedProductTableViewCell.swift */; };
		95A67C2B200A961E008AF32A /* ProductDetailTableViewCell.swift in Sources */ = {isa = PBXBuildFile; fileRef = 95A67C2A200A961E008AF32A /* ProductDetailTableViewCell.swift */; };
		95A67C2D200A9629008AF32A /* BuyButtonTableViewCell.swift in Sources */ = {isa = PBXBuildFile; fileRef = 95A67C2C200A9629008AF32A /* BuyButtonTableViewCell.swift */; };
		95A67C30200A9848008AF32A /* ProductDetailTableViewController.swift in Sources */ = {isa = PBXBuildFile; fileRef = 95A67C2F200A9848008AF32A /* ProductDetailTableViewController.swift */; };
		95DB3A27202F8A020084DAF7 /* GoogleService-Info.plist in Resources */ = {isa = PBXBuildFile; fileRef = 95DB3A26202F8A020084DAF7 /* GoogleService-Info.plist */; };
		95E71D592021416000731834 /* CreditCardInfoTableViewCell.swift in Sources */ = {isa = PBXBuildFile; fileRef = 95E71D582021416000731834 /* CreditCardInfoTableViewCell.swift */; };
/* End PBXBuildFile section */

/* Begin PBXFileReference section */
		951BFBEB20085FB100719372 /* Product.swift */ = {isa = PBXFileReference; lastKnownFileType = sourcecode.swift; path = Product.swift; sourceTree = "<group>"; };
		9562354F20102AEA00D54B7F /* ShoeImageViewController.swift */ = {isa = PBXFileReference; lastKnownFileType = sourcecode.swift; path = ShoeImageViewController.swift; sourceTree = "<group>"; };
		9562355320102CEE00D54B7F /* ShoeImagesPageViewController.swift */ = {isa = PBXFileReference; lastKnownFileType = sourcecode.swift; path = ShoeImagesPageViewController.swift; sourceTree = "<group>"; };
		9562EFA8201D20BA0030BDE8 /* SuggestionCollectionViewCell.swift */ = {isa = PBXFileReference; lastKnownFileType = sourcecode.swift; path = SuggestionCollectionViewCell.swift; sourceTree = "<group>"; };
		9562EFAA201D21A10030BDE8 /* SuggestionTableViewCell.swift */ = {isa = PBXFileReference; lastKnownFileType = sourcecode.swift; path = SuggestionTableViewCell.swift; sourceTree = "<group>"; };
		9562EFAC202017CB0030BDE8 /* ShoppingBagTableViewController.swift */ = {isa = PBXFileReference; lastKnownFileType = sourcecode.swift; path = ShoppingBagTableViewController.swift; sourceTree = "<group>"; };
		9562EFAF202018D60030BDE8 /* NumberOfItemsTableViewCell.swift */ = {isa = PBXFileReference; lastKnownFileType = sourcecode.swift; path = NumberOfItemsTableViewCell.swift; sourceTree = "<group>"; };
		9562EFB22020196A0030BDE8 /* ShoppingCartItemTableViewCell.swift */ = {isa = PBXFileReference; lastKnownFileType = sourcecode.swift; path = ShoppingCartItemTableViewCell.swift; sourceTree = "<group>"; };
		9562EFB4202036B20030BDE8 /* CheckoutTableViewController.swift */ = {isa = PBXFileReference; lastKnownFileType = sourcecode.swift; path = CheckoutTableViewController.swift; sourceTree = "<group>"; };
		9567ABF22013BBD100038C31 /* ShoeImagesHeaderView.swift */ = {isa = PBXFileReference; lastKnownFileType = sourcecode.swift; path = ShoeImagesHeaderView.swift; sourceTree = "<group>"; };
		958BC01A2002E66D00CB26F6 /* Nike-Retail.app */ = {isa = PBXFileReference; explicitFileType = wrapper.application; includeInIndex = 0; path = "Nike-Retail.app"; sourceTree = BUILT_PRODUCTS_DIR; };
		958BC01D2002E66D00CB26F6 /* AppDelegate.swift */ = {isa = PBXFileReference; lastKnownFileType = sourcecode.swift; path = AppDelegate.swift; sourceTree = "<group>"; };
		958BC0222002E66D00CB26F6 /* Base */ = {isa = PBXFileReference; lastKnownFileType = file.storyboard; name = Base; path = Base.lproj/Main.storyboard; sourceTree = "<group>"; };
		958BC0242002E66D00CB26F6 /* Assets.xcassets */ = {isa = PBXFileReference; lastKnownFileType = folder.assetcatalog; path = Assets.xcassets; sourceTree = "<group>"; };
		958BC0272002E66D00CB26F6 /* Base */ = {isa = PBXFileReference; lastKnownFileType = file.storyboard; name = Base; path = Base.lproj/LaunchScreen.storyboard; sourceTree = "<group>"; };
		958BC0292002E66D00CB26F6 /* Info.plist */ = {isa = PBXFileReference; lastKnownFileType = text.plist.xml; path = Info.plist; sourceTree = "<group>"; };
		95A67C23200A8FA1008AF32A /* FeedTableViewController.swift */ = {isa = PBXFileReference; lastKnownFileType = sourcecode.swift; path = FeedTableViewController.swift; sourceTree = "<group>"; };
		95A67C27200A9183008AF32A /* FeedProductTableViewCell.swift */ = {isa = PBXFileReference; lastKnownFileType = sourcecode.swift; path = FeedProductTableViewCell.swift; sourceTree = "<group>"; };
		95A67C2A200A961E008AF32A /* ProductDetailTableViewCell.swift */ = {isa = PBXFileReference; lastKnownFileType = sourcecode.swift; path = ProductDetailTableViewCell.swift; sourceTree = "<group>"; };
		95A67C2C200A9629008AF32A /* BuyButtonTableViewCell.swift */ = {isa = PBXFileReference; lastKnownFileType = sourcecode.swift; path = BuyButtonTableViewCell.swift; sourceTree = "<group>"; };
		95A67C2F200A9848008AF32A /* ProductDetailTableViewController.swift */ = {isa = PBXFileReference; lastKnownFileType = sourcecode.swift; path = ProductDetailTableViewController.swift; sourceTree = "<group>"; };
		95DB3A26202F8A020084DAF7 /* GoogleService-Info.plist */ = {isa = PBXFileReference; fileEncoding = 4; lastKnownFileType = text.plist.xml; path = "GoogleService-Info.plist"; sourceTree = "<group>"; };
		95E71D582021416000731834 /* CreditCardInfoTableViewCell.swift */ = {isa = PBXFileReference; lastKnownFileType = sourcecode.swift; path = CreditCardInfoTableViewCell.swift; sourceTree = "<group>"; };
		C7D57FADB48705954B6B9A15 /* Pods-Nike-Retail.release.xcconfig */ = {isa = PBXFileReference; includeInIndex = 1; lastKnownFileType = text.xcconfig; name = "Pods-Nike-Retail.release.xcconfig"; path = "Pods/Target Support Files/Pods-Nike-Retail/Pods-Nike-Retail.release.xcconfig"; sourceTree = "<group>"; };
		CA111BA99C6B8F85AC387D29 /* Pods-Nike-Retail.debug.xcconfig */ = {isa = PBXFileReference; includeInIndex = 1; lastKnownFileType = text.xcconfig; name = "Pods-Nike-Retail.debug.xcconfig"; path = "Pods/Target Support Files/Pods-Nike-Retail/Pods-Nike-Retail.debug.xcconfig"; sourceTree = "<group>"; };
		E240CFDFAE8850C147BC3838 /* Pods_Nike_Retail.framework */ = {isa = PBXFileReference; explicitFileType = wrapper.framework; includeInIndex = 0; path = Pods_Nike_Retail.framework; sourceTree = BUILT_PRODUCTS_DIR; };
/* End PBXFileReference section */

/* Begin PBXFrameworksBuildPhase section */
		958BC0172002E66D00CB26F6 /* Frameworks */ = {
			isa = PBXFrameworksBuildPhase;
			buildActionMask = 2147483647;
			files = (
				8F7E1C79C3749DCB22A3B9F3 /* Pods_Nike_Retail.framework in Frameworks */,
			);
			runOnlyForDeploymentPostprocessing = 0;
		};
/* End PBXFrameworksBuildPhase section */

/* Begin PBXGroup section */
		0FA9972F7E0FA62E46745B33 /* Frameworks */ = {
			isa = PBXGroup;
			children = (
				E240CFDFAE8850C147BC3838 /* Pods_Nike_Retail.framework */,
			);
			name = Frameworks;
			sourceTree = "<group>";
		};
		1DC85F2A3A4B6E9E13F1E8BE /* Pods */ = {
			isa = PBXGroup;
			children = (
				CA111BA99C6B8F85AC387D29 /* Pods-Nike-Retail.debug.xcconfig */,
				C7D57FADB48705954B6B9A15 /* Pods-Nike-Retail.release.xcconfig */,
			);
			name = Pods;
			sourceTree = "<group>";
		};
		9562355120102B3A00D54B7F /* Detail */ = {
			isa = PBXGroup;
			children = (
				95A67C2F200A9848008AF32A /* ProductDetailTableViewController.swift */,
				9562355320102CEE00D54B7F /* ShoeImagesPageViewController.swift */,
				9562354F20102AEA00D54B7F /* ShoeImageViewController.swift */,
			);
			path = Detail;
			sourceTree = "<group>";
		};
		9562355220102B7700D54B7F /* Detail */ = {
			isa = PBXGroup;
			children = (
				95A67C2A200A961E008AF32A /* ProductDetailTableViewCell.swift */,
				95A67C2C200A9629008AF32A /* BuyButtonTableViewCell.swift */,
				9567ABF22013BBD100038C31 /* ShoeImagesHeaderView.swift */,
			);
			path = Detail;
			sourceTree = "<group>";
		};
		9562EFAE202018030030BDE8 /* ShoppingBag */ = {
			isa = PBXGroup;
			children = (
				9562EFAC202017CB0030BDE8 /* ShoppingBagTableViewController.swift */,
			);
			path = ShoppingBag;
			sourceTree = "<group>";
		};
		9562EFB12020191F0030BDE8 /* ShoppingBag */ = {
			isa = PBXGroup;
			children = (
				9562EFAF202018D60030BDE8 /* NumberOfItemsTableViewCell.swift */,
				9562EFB22020196A0030BDE8 /* ShoppingCartItemTableViewCell.swift */,
			);
			path = ShoppingBag;
			sourceTree = "<group>";
		};
		9562EFB6202036B70030BDE8 /* Checkout */ = {
			isa = PBXGroup;
			children = (
				9562EFB4202036B20030BDE8 /* CheckoutTableViewController.swift */,
			);
			path = Checkout;
			sourceTree = "<group>";
		};
		958BC0112002E66D00CB26F6 = {
			isa = PBXGroup;
			children = (
				958BC01C2002E66D00CB26F6 /* Nike-Retail */,
				958BC01B2002E66D00CB26F6 /* Products */,
				1DC85F2A3A4B6E9E13F1E8BE /* Pods */,
				0FA9972F7E0FA62E46745B33 /* Frameworks */,
			);
			sourceTree = "<group>";
		};
		958BC01B2002E66D00CB26F6 /* Products */ = {
			isa = PBXGroup;
			children = (
				958BC01A2002E66D00CB26F6 /* Nike-Retail.app */,
			);
			name = Products;
			sourceTree = "<group>";
		};
		958BC01C2002E66D00CB26F6 /* Nike-Retail */ = {
			isa = PBXGroup;
			children = (
				958BC0212002E66D00CB26F6 /* Main.storyboard */,
				95A67C26200A8FB5008AF32A /* Controllers */,
				95A67C25200A8FAA008AF32A /* Models */,
				95A67C29200A918F008AF32A /* Views */,
				958BC02F2002E77800CB26F6 /* Resources */,
			);
			path = "Nike-Retail";
			sourceTree = "<group>";
		};
		958BC02F2002E77800CB26F6 /* Resources */ = {
			isa = PBXGroup;
			children = (
				958BC01D2002E66D00CB26F6 /* AppDelegate.swift */,
				958BC0242002E66D00CB26F6 /* Assets.xcassets */,
				958BC0262002E66D00CB26F6 /* LaunchScreen.storyboard */,
				958BC0292002E66D00CB26F6 /* Info.plist */,
				95DB3A26202F8A020084DAF7 /* GoogleService-Info.plist */,
			);
			path = Resources;
			sourceTree = "<group>";
		};
		95A67C25200A8FAA008AF32A /* Models */ = {
			isa = PBXGroup;
			children = (
				951BFBEB20085FB100719372 /* Product.swift */,
			);
			path = Models;
			sourceTree = "<group>";
		};
		95A67C26200A8FB5008AF32A /* Controllers */ = {
			isa = PBXGroup;
			children = (
				95A67C31200C3DA4008AF32A /* Feed */,
				9562355120102B3A00D54B7F /* Detail */,
				9562EFAE202018030030BDE8 /* ShoppingBag */,
				9562EFB6202036B70030BDE8 /* Checkout */,
			);
			path = Controllers;
			sourceTree = "<group>";
		};
		95A67C29200A918F008AF32A /* Views */ = {
			isa = PBXGroup;
			children = (
				95A67C2E200A9683008AF32A /* Feed */,
				9562355220102B7700D54B7F /* Detail */,
				9562EFB12020191F0030BDE8 /* ShoppingBag */,
				95E71D5A2021416C00731834 /* Checkout */,
			);
			path = Views;
			sourceTree = "<group>";
		};
		95A67C2E200A9683008AF32A /* Feed */ = {
			isa = PBXGroup;
			children = (
				95A67C27200A9183008AF32A /* FeedProductTableViewCell.swift */,
				9562EFAA201D21A10030BDE8 /* SuggestionTableViewCell.swift */,
				9562EFA8201D20BA0030BDE8 /* SuggestionCollectionViewCell.swift */,
			);
			path = Feed;
			sourceTree = "<group>";
		};
		95A67C31200C3DA4008AF32A /* Feed */ = {
			isa = PBXGroup;
			children = (
				95A67C23200A8FA1008AF32A /* FeedTableViewController.swift */,
			);
			path = Feed;
			sourceTree = "<group>";
		};
		95E71D5A2021416C00731834 /* Checkout */ = {
			isa = PBXGroup;
			children = (
				95E71D582021416000731834 /* CreditCardInfoTableViewCell.swift */,
			);
			path = Checkout;
			sourceTree = "<group>";
		};
/* End PBXGroup section */

/* Begin PBXNativeTarget section */
		958BC0192002E66D00CB26F6 /* Nike-Retail */ = {
			isa = PBXNativeTarget;
			buildConfigurationList = 958BC02C2002E66D00CB26F6 /* Build configuration list for PBXNativeTarget "Nike-Retail" */;
			buildPhases = (
				489337D7CADDFB0A349189E1 /* [CP] Check Pods Manifest.lock */,
				958BC0162002E66D00CB26F6 /* Sources */,
				958BC0172002E66D00CB26F6 /* Frameworks */,
				958BC0182002E66D00CB26F6 /* Resources */,
				91C238A674BDB1410E1002E8 /* [CP] Embed Pods Frameworks */,
				5917F69100E767341C9A5225 /* [CP] Copy Pods Resources */,
			);
			buildRules = (
			);
			dependencies = (
			);
			name = "Nike-Retail";
			productName = "Nike-Retail";
			productReference = 958BC01A2002E66D00CB26F6 /* Nike-Retail.app */;
			productType = "com.apple.product-type.application";
		};
/* End PBXNativeTarget section */

/* Begin PBXProject section */
		958BC0122002E66D00CB26F6 /* Project object */ = {
			isa = PBXProject;
			attributes = {
				LastSwiftUpdateCheck = 0920;
				LastUpgradeCheck = 0920;
				ORGANIZATIONNAME = LuisPuentes;
				TargetAttributes = {
					958BC0192002E66D00CB26F6 = {
						CreatedOnToolsVersion = 9.2;
						ProvisioningStyle = Automatic;
					};
				};
			};
			buildConfigurationList = 958BC0152002E66D00CB26F6 /* Build configuration list for PBXProject "Nike-Retail" */;
			compatibilityVersion = "Xcode 8.0";
			developmentRegion = en;
			hasScannedForEncodings = 0;
			knownRegions = (
				en,
				Base,
			);
			mainGroup = 958BC0112002E66D00CB26F6;
			productRefGroup = 958BC01B2002E66D00CB26F6 /* Products */;
			projectDirPath = "";
			projectRoot = "";
			targets = (
				958BC0192002E66D00CB26F6 /* Nike-Retail */,
			);
		};
/* End PBXProject section */

/* Begin PBXResourcesBuildPhase section */
		958BC0182002E66D00CB26F6 /* Resources */ = {
			isa = PBXResourcesBuildPhase;
			buildActionMask = 2147483647;
			files = (
				958BC0282002E66D00CB26F6 /* LaunchScreen.storyboard in Resources */,
				95DB3A27202F8A020084DAF7 /* GoogleService-Info.plist in Resources */,
				958BC0252002E66D00CB26F6 /* Assets.xcassets in Resources */,
				958BC0232002E66D00CB26F6 /* Main.storyboard in Resources */,
			);
			runOnlyForDeploymentPostprocessing = 0;
		};
/* End PBXResourcesBuildPhase section */

/* Begin PBXShellScriptBuildPhase section */
		489337D7CADDFB0A349189E1 /* [CP] Check Pods Manifest.lock */ = {
			isa = PBXShellScriptBuildPhase;
			buildActionMask = 2147483647;
			files = (
			);
			inputPaths = (
				"${PODS_PODFILE_DIR_PATH}/Podfile.lock",
				"${PODS_ROOT}/Manifest.lock",
			);
			name = "[CP] Check Pods Manifest.lock";
			outputPaths = (
				"$(DERIVED_FILE_DIR)/Pods-Nike-Retail-checkManifestLockResult.txt",
			);
			runOnlyForDeploymentPostprocessing = 0;
			shellPath = /bin/sh;
			shellScript = "diff \"${PODS_PODFILE_DIR_PATH}/Podfile.lock\" \"${PODS_ROOT}/Manifest.lock\" > /dev/null\nif [ $? != 0 ] ; then\n    # print error to STDERR\n    echo \"error: The sandbox is not in sync with the Podfile.lock. Run 'pod install' or update your CocoaPods installation.\" >&2\n    exit 1\nfi\n# This output is used by Xcode 'outputs' to avoid re-running this script phase.\necho \"SUCCESS\" > \"${SCRIPT_OUTPUT_FILE_0}\"\n";
			showEnvVarsInLog = 0;
		};
		5917F69100E767341C9A5225 /* [CP] Copy Pods Resources */ = {
			isa = PBXShellScriptBuildPhase;
			buildActionMask = 2147483647;
			files = (
			);
			inputPaths = (
			);
			name = "[CP] Copy Pods Resources";
			outputPaths = (
			);
			runOnlyForDeploymentPostprocessing = 0;
			shellPath = /bin/sh;
			shellScript = "\"${SRCROOT}/Pods/Target Support Files/Pods-Nike-Retail/Pods-Nike-Retail-resources.sh\"\n";
			showEnvVarsInLog = 0;
		};
		91C238A674BDB1410E1002E8 /* [CP] Embed Pods Frameworks */ = {
			isa = PBXShellScriptBuildPhase;
			buildActionMask = 2147483647;
			files = (
			);
			inputPaths = (
				"${SRCROOT}/Pods/Target Support Files/Pods-Nike-Retail/Pods-Nike-Retail-frameworks.sh",
				"${BUILT_PRODUCTS_DIR}/GTMSessionFetcher/GTMSessionFetcher.framework",
				"${BUILT_PRODUCTS_DIR}/GoogleToolboxForMac/GoogleToolboxForMac.framework",
			);
			name = "[CP] Embed Pods Frameworks";
			outputPaths = (
				"${TARGET_BUILD_DIR}/${FRAMEWORKS_FOLDER_PATH}/GTMSessionFetcher.framework",
				"${TARGET_BUILD_DIR}/${FRAMEWORKS_FOLDER_PATH}/GoogleToolboxForMac.framework",
			);
			runOnlyForDeploymentPostprocessing = 0;
			shellPath = /bin/sh;
			shellScript = "\"${SRCROOT}/Pods/Target Support Files/Pods-Nike-Retail/Pods-Nike-Retail-frameworks.sh\"\n";
			showEnvVarsInLog = 0;
		};
/* End PBXShellScriptBuildPhase section */

/* Begin PBXSourcesBuildPhase section */
		958BC0162002E66D00CB26F6 /* Sources */ = {
			isa = PBXSourcesBuildPhase;
			buildActionMask = 2147483647;
			files = (
				9562EFB0202018D60030BDE8 /* NumberOfItemsTableViewCell.swift in Sources */,
				9562355420102CEE00D54B7F /* ShoeImagesPageViewController.swift in Sources */,
				9562EFA9201D20BA0030BDE8 /* SuggestionCollectionViewCell.swift in Sources */,
				95A67C30200A9848008AF32A /* ProductDetailTableViewController.swift in Sources */,
				9562EFAD202017CB0030BDE8 /* ShoppingBagTableViewController.swift in Sources */,
				9562355020102AEA00D54B7F /* ShoeImageViewController.swift in Sources */,
				9562EFB32020196A0030BDE8 /* ShoppingCartItemTableViewCell.swift in Sources */,
				95A67C2D200A9629008AF32A /* BuyButtonTableViewCell.swift in Sources */,
				958BC01E2002E66D00CB26F6 /* AppDelegate.swift in Sources */,
				95A67C28200A9183008AF32A /* FeedProductTableViewCell.swift in Sources */,
				9567ABF32013BBD100038C31 /* ShoeImagesHeaderView.swift in Sources */,
				9562EFB5202036B20030BDE8 /* CheckoutTableViewController.swift in Sources */,
				95E71D592021416000731834 /* CreditCardInfoTableViewCell.swift in Sources */,
				95A67C24200A8FA1008AF32A /* FeedTableViewController.swift in Sources */,
				95A67C2B200A961E008AF32A /* ProductDetailTableViewCell.swift in Sources */,
				951BFBEC20085FB100719372 /* Product.swift in Sources */,
				9562EFAB201D21A10030BDE8 /* SuggestionTableViewCell.swift in Sources */,
			);
			runOnlyForDeploymentPostprocessing = 0;
		};
/* End PBXSourcesBuildPhase section */

/* Begin PBXVariantGroup section */
		958BC0212002E66D00CB26F6 /* Main.storyboard */ = {
			isa = PBXVariantGroup;
			children = (
				958BC0222002E66D00CB26F6 /* Base */,
			);
			name = Main.storyboard;
			sourceTree = "<group>";
		};
		958BC0262002E66D00CB26F6 /* LaunchScreen.storyboard */ = {
			isa = PBXVariantGroup;
			children = (
				958BC0272002E66D00CB26F6 /* Base */,
			);
			name = LaunchScreen.storyboard;
			sourceTree = "<group>";
		};
/* End PBXVariantGroup section */

/* Begin XCBuildConfiguration section */
		958BC02A2002E66D00CB26F6 /* Debug */ = {
			isa = XCBuildConfiguration;
			buildSettings = {
				ALWAYS_SEARCH_USER_PATHS = NO;
				CLANG_ANALYZER_NONNULL = YES;
				CLANG_ANALYZER_NUMBER_OBJECT_CONVERSION = YES_AGGRESSIVE;
				CLANG_CXX_LANGUAGE_STANDARD = "gnu++14";
				CLANG_CXX_LIBRARY = "libc++";
				CLANG_ENABLE_MODULES = YES;
				CLANG_ENABLE_OBJC_ARC = YES;
				CLANG_WARN_BLOCK_CAPTURE_AUTORELEASING = YES;
				CLANG_WARN_BOOL_CONVERSION = YES;
				CLANG_WARN_COMMA = YES;
				CLANG_WARN_CONSTANT_CONVERSION = YES;
				CLANG_WARN_DIRECT_OBJC_ISA_USAGE = YES_ERROR;
				CLANG_WARN_DOCUMENTATION_COMMENTS = YES;
				CLANG_WARN_EMPTY_BODY = YES;
				CLANG_WARN_ENUM_CONVERSION = YES;
				CLANG_WARN_INFINITE_RECURSION = YES;
				CLANG_WARN_INT_CONVERSION = YES;
				CLANG_WARN_NON_LITERAL_NULL_CONVERSION = YES;
				CLANG_WARN_OBJC_LITERAL_CONVERSION = YES;
				CLANG_WARN_OBJC_ROOT_CLASS = YES_ERROR;
				CLANG_WARN_RANGE_LOOP_ANALYSIS = YES;
				CLANG_WARN_STRICT_PROTOTYPES = YES;
				CLANG_WARN_SUSPICIOUS_MOVE = YES;
				CLANG_WARN_UNGUARDED_AVAILABILITY = YES_AGGRESSIVE;
				CLANG_WARN_UNREACHABLE_CODE = YES;
				CLANG_WARN__DUPLICATE_METHOD_MATCH = YES;
				CODE_SIGN_IDENTITY = "iPhone Developer";
				COPY_PHASE_STRIP = NO;
				DEBUG_INFORMATION_FORMAT = dwarf;
				ENABLE_STRICT_OBJC_MSGSEND = YES;
				ENABLE_TESTABILITY = YES;
				GCC_C_LANGUAGE_STANDARD = gnu11;
				GCC_DYNAMIC_NO_PIC = NO;
				GCC_NO_COMMON_BLOCKS = YES;
				GCC_OPTIMIZATION_LEVEL = 0;
				GCC_PREPROCESSOR_DEFINITIONS = (
					"DEBUG=1",
					"$(inherited)",
				);
				GCC_WARN_64_TO_32_BIT_CONVERSION = YES;
				GCC_WARN_ABOUT_RETURN_TYPE = YES_ERROR;
				GCC_WARN_UNDECLARED_SELECTOR = YES;
				GCC_WARN_UNINITIALIZED_AUTOS = YES_AGGRESSIVE;
				GCC_WARN_UNUSED_FUNCTION = YES;
				GCC_WARN_UNUSED_VARIABLE = YES;
				IPHONEOS_DEPLOYMENT_TARGET = 11.2;
				MTL_ENABLE_DEBUG_INFO = YES;
				ONLY_ACTIVE_ARCH = YES;
				SDKROOT = iphoneos;
				SWIFT_ACTIVE_COMPILATION_CONDITIONS = DEBUG;
				SWIFT_OPTIMIZATION_LEVEL = "-Onone";
			};
			name = Debug;
		};
		958BC02B2002E66D00CB26F6 /* Release */ = {
			isa = XCBuildConfiguration;
			buildSettings = {
				ALWAYS_SEARCH_USER_PATHS = NO;
				CLANG_ANALYZER_NONNULL = YES;
				CLANG_ANALYZER_NUMBER_OBJECT_CONVERSION = YES_AGGRESSIVE;
				CLANG_CXX_LANGUAGE_STANDARD = "gnu++14";
				CLANG_CXX_LIBRARY = "libc++";
				CLANG_ENABLE_MODULES = YES;
				CLANG_ENABLE_OBJC_ARC = YES;
				CLANG_WARN_BLOCK_CAPTURE_AUTORELEASING = YES;
				CLANG_WARN_BOOL_CONVERSION = YES;
				CLANG_WARN_COMMA = YES;
				CLANG_WARN_CONSTANT_CONVERSION = YES;
				CLANG_WARN_DIRECT_OBJC_ISA_USAGE = YES_ERROR;
				CLANG_WARN_DOCUMENTATION_COMMENTS = YES;
				CLANG_WARN_EMPTY_BODY = YES;
				CLANG_WARN_ENUM_CONVERSION = YES;
				CLANG_WARN_INFINITE_RECURSION = YES;
				CLANG_WARN_INT_CONVERSION = YES;
				CLANG_WARN_NON_LITERAL_NULL_CONVERSION = YES;
				CLANG_WARN_OBJC_LITERAL_CONVERSION = YES;
				CLANG_WARN_OBJC_ROOT_CLASS = YES_ERROR;
				CLANG_WARN_RANGE_LOOP_ANALYSIS = YES;
				CLANG_WARN_STRICT_PROTOTYPES = YES;
				CLANG_WARN_SUSPICIOUS_MOVE = YES;
				CLANG_WARN_UNGUARDED_AVAILABILITY = YES_AGGRESSIVE;
				CLANG_WARN_UNREACHABLE_CODE = YES;
				CLANG_WARN__DUPLICATE_METHOD_MATCH = YES;
				CODE_SIGN_IDENTITY = "iPhone Developer";
				COPY_PHASE_STRIP = NO;
				DEBUG_INFORMATION_FORMAT = "dwarf-with-dsym";
				ENABLE_NS_ASSERTIONS = NO;
				ENABLE_STRICT_OBJC_MSGSEND = YES;
				GCC_C_LANGUAGE_STANDARD = gnu11;
				GCC_NO_COMMON_BLOCKS = YES;
				GCC_WARN_64_TO_32_BIT_CONVERSION = YES;
				GCC_WARN_ABOUT_RETURN_TYPE = YES_ERROR;
				GCC_WARN_UNDECLARED_SELECTOR = YES;
				GCC_WARN_UNINITIALIZED_AUTOS = YES_AGGRESSIVE;
				GCC_WARN_UNUSED_FUNCTION = YES;
				GCC_WARN_UNUSED_VARIABLE = YES;
				IPHONEOS_DEPLOYMENT_TARGET = 11.2;
				MTL_ENABLE_DEBUG_INFO = NO;
				SDKROOT = iphoneos;
				SWIFT_OPTIMIZATION_LEVEL = "-Owholemodule";
				VALIDATE_PRODUCT = YES;
			};
			name = Release;
		};
		958BC02D2002E66D00CB26F6 /* Debug */ = {
			isa = XCBuildConfiguration;
			baseConfigurationReference = CA111BA99C6B8F85AC387D29 /* Pods-Nike-Retail.debug.xcconfig */;
			buildSettings = {
				ASSETCATALOG_COMPILER_APPICON_NAME = AppIcon;
				CODE_SIGN_STYLE = Automatic;
				DEVELOPMENT_TEAM = H9L7P6ZCN6;
				INFOPLIST_FILE = "$(SRCROOT)/Nike-Retail/Resources/Info.plist";
				LD_RUNPATH_SEARCH_PATHS = "$(inherited) @executable_path/Frameworks";
				PRODUCT_BUNDLE_IDENTIFIER = "com.Nike-Retail";
				PRODUCT_NAME = "$(TARGET_NAME)";
				SWIFT_VERSION = 4.0;
				TARGETED_DEVICE_FAMILY = "1,2";
			};
			name = Debug;
		};
		958BC02E2002E66D00CB26F6 /* Release */ = {
			isa = XCBuildConfiguration;
			baseConfigurationReference = C7D57FADB48705954B6B9A15 /* Pods-Nike-Retail.release.xcconfig */;
			buildSettings = {
				ASSETCATALOG_COMPILER_APPICON_NAME = AppIcon;
				CODE_SIGN_STYLE = Automatic;
				DEVELOPMENT_TEAM = H9L7P6ZCN6;
				INFOPLIST_FILE = "$(SRCROOT)/Nike-Retail/Resources/Info.plist";
				LD_RUNPATH_SEARCH_PATHS = "$(inherited) @executable_path/Frameworks";
				PRODUCT_BUNDLE_IDENTIFIER = "com.Nike-Retail";
				PRODUCT_NAME = "$(TARGET_NAME)";
				SWIFT_VERSION = 4.0;
				TARGETED_DEVICE_FAMILY = "1,2";
			};
			name = Release;
		};
/* End XCBuildConfiguration section */

/* Begin XCConfigurationList section */
		958BC0152002E66D00CB26F6 /* Build configuration list for PBXProject "Nike-Retail" */ = {
			isa = XCConfigurationList;
			buildConfigurations = (
				958BC02A2002E66D00CB26F6 /* Debug */,
				958BC02B2002E66D00CB26F6 /* Release */,
			);
			defaultConfigurationIsVisible = 0;
			defaultConfigurationName = Release;
		};
		958BC02C2002E66D00CB26F6 /* Build configuration list for PBXNativeTarget "Nike-Retail" */ = {
			isa = XCConfigurationList;
			buildConfigurations = (
				958BC02D2002E66D00CB26F6 /* Debug */,
				958BC02E2002E66D00CB26F6 /* Release */,
			);
			defaultConfigurationIsVisible = 0;
			defaultConfigurationName = Release;
		};
/* End XCConfigurationList section */
	};
	rootObject = 958BC0122002E66D00CB26F6 /* Project object */;
}
